// !$*UTF8*$!
{
	archiveVersion = 1;
	classes = {
	};
	objectVersion = 56;
	objects = {

/* Begin PBXBuildFile section */
		FF02B9562AA9FA19004994A4 /* AppIconView.swift in Sources */ = {isa = PBXBuildFile; fileRef = FF02B9552AA9FA19004994A4 /* AppIconView.swift */; };
		FF0785A02A8645A3003BE532 /* LifeHackApp.swift in Sources */ = {isa = PBXBuildFile; fileRef = FF07859F2A8645A3003BE532 /* LifeHackApp.swift */; };
		FF0785A42A8645A4003BE532 /* Assets.xcassets in Resources */ = {isa = PBXBuildFile; fileRef = FF0785A32A8645A4003BE532 /* Assets.xcassets */; };
		FF0785A72A8645A4003BE532 /* Preview Assets.xcassets in Resources */ = {isa = PBXBuildFile; fileRef = FF0785A62A8645A4003BE532 /* Preview Assets.xcassets */; };
		FF0785B12A8645A4003BE532 /* LifeHackTests.swift in Sources */ = {isa = PBXBuildFile; fileRef = FF0785B02A8645A4003BE532 /* LifeHackTests.swift */; };
		FF0785BB2A8645A4003BE532 /* LifeHackUITests.swift in Sources */ = {isa = PBXBuildFile; fileRef = FF0785BA2A8645A4003BE532 /* LifeHackUITests.swift */; };
		FF0785BD2A8645A4003BE532 /* LifeHackUITestsLaunchTests.swift in Sources */ = {isa = PBXBuildFile; fileRef = FF0785BC2A8645A4003BE532 /* LifeHackUITestsLaunchTests.swift */; };
		FF0785CB2A864738003BE532 /* Realm in Frameworks */ = {isa = PBXBuildFile; productRef = FF0785CA2A864738003BE532 /* Realm */; };
		FF0785CD2A864738003BE532 /* RealmSwift in Frameworks */ = {isa = PBXBuildFile; productRef = FF0785CC2A864738003BE532 /* RealmSwift */; };
		FF0785D02A8647E6003BE532 /* Model.swift in Sources */ = {isa = PBXBuildFile; fileRef = FF0785CF2A8647E6003BE532 /* Model.swift */; };
		FF0785D22A864902003BE532 /* realmManager.swift in Sources */ = {isa = PBXBuildFile; fileRef = FF0785D12A864902003BE532 /* realmManager.swift */; };
		FF0785D52A864B1B003BE532 /* ViewExtention.swift in Sources */ = {isa = PBXBuildFile; fileRef = FF0785D42A864B1B003BE532 /* ViewExtention.swift */; };
		FF0785D82A864B3B003BE532 /* HomeView.swift in Sources */ = {isa = PBXBuildFile; fileRef = FF0785D72A864B3B003BE532 /* HomeView.swift */; };
		FF0785DA2A864BCF003BE532 /* CarenderView.swift in Sources */ = {isa = PBXBuildFile; fileRef = FF0785D92A864BCF003BE532 /* CarenderView.swift */; };
		FF0785DD2A864C1D003BE532 /* Difine.swift in Sources */ = {isa = PBXBuildFile; fileRef = FF0785DC2A864C1D003BE532 /* Difine.swift */; };
		FF0785E02A864F52003BE532 /* DiaryView.swift in Sources */ = {isa = PBXBuildFile; fileRef = FF0785DF2A864F52003BE532 /* DiaryView.swift */; };
		FF0785E22A864F63003BE532 /* SentenceView.swift in Sources */ = {isa = PBXBuildFile; fileRef = FF0785E12A864F63003BE532 /* SentenceView.swift */; };
		FF0785E42A8650DD003BE532 /* function.swift in Sources */ = {isa = PBXBuildFile; fileRef = FF0785E32A8650DD003BE532 /* function.swift */; };
		FF15282B2A98C5F300CDDA6F /* BookView.swift in Sources */ = {isa = PBXBuildFile; fileRef = FF15282A2A98C5F300CDDA6F /* BookView.swift */; };
		FF15282D2A98CBE800CDDA6F /* DetailView.swift in Sources */ = {isa = PBXBuildFile; fileRef = FF15282C2A98CBE800CDDA6F /* DetailView.swift */; };
		FF2A0FDC2A8895500090F3CB /* TodoView.swift in Sources */ = {isa = PBXBuildFile; fileRef = FF2A0FDB2A8895500090F3CB /* TodoView.swift */; };
		FF2A0FDE2A88B5450090F3CB /* NewTaskView.swift in Sources */ = {isa = PBXBuildFile; fileRef = FF2A0FDD2A88B5450090F3CB /* NewTaskView.swift */; };
		FF2A0FE12A90D1740090F3CB /* poperExtention.swift in Sources */ = {isa = PBXBuildFile; fileRef = FF2A0FE02A90D1740090F3CB /* poperExtention.swift */; };
		FF2A0FE32A90D1BB0090F3CB /* selectablePoperView.swift in Sources */ = {isa = PBXBuildFile; fileRef = FF2A0FE22A90D1BB0090F3CB /* selectablePoperView.swift */; };
		FF2A0FE72A90DEE60090F3CB /* PoperInnerView.swift in Sources */ = {isa = PBXBuildFile; fileRef = FF2A0FE62A90DEE60090F3CB /* PoperInnerView.swift */; };
		FF3811BF2AA2FE23007CDEDA /* PieChart in Frameworks */ = {isa = PBXBuildFile; productRef = FF3811BE2AA2FE23007CDEDA /* PieChart */; };
		FF4F6EB12AE79861009736A8 /* DiaryViewModel.swift in Sources */ = {isa = PBXBuildFile; fileRef = FF4F6EB02AE79861009736A8 /* DiaryViewModel.swift */; };
		FF4F6EB32AE7A236009736A8 /* TodoViewModel.swift in Sources */ = {isa = PBXBuildFile; fileRef = FF4F6EB22AE7A236009736A8 /* TodoViewModel.swift */; };
		FF9ACA082A99DEBE00842D76 /* Drag.swift in Sources */ = {isa = PBXBuildFile; fileRef = FF9ACA072A99DEBE00842D76 /* Drag.swift */; };
		FFAC78D32AE7C81E00D0B524 /* bookViewModel.swift in Sources */ = {isa = PBXBuildFile; fileRef = FFAC78D22AE7C81E00D0B524 /* bookViewModel.swift */; };
		FFAC78D72AE7D0EA00D0B524 /* graphViewModel.swift in Sources */ = {isa = PBXBuildFile; fileRef = FFAC78D62AE7D0EA00D0B524 /* graphViewModel.swift */; };
		FFD50BBC2AA1C664005C4C7B /* GrafView.swift in Sources */ = {isa = PBXBuildFile; fileRef = FFD50BBB2AA1C664005C4C7B /* GrafView.swift */; };
		FFD50BBE2AA1CC62005C4C7B /* GrafModel.swift in Sources */ = {isa = PBXBuildFile; fileRef = FFD50BBD2AA1CC62005C4C7B /* GrafModel.swift */; };
		FFD50BC12AA1CF2A005C4C7B /* MypageView.swift in Sources */ = {isa = PBXBuildFile; fileRef = FFD50BC02AA1CF2A005C4C7B /* MypageView.swift */; };
		FFDD1B332A9B6D4F005F8BD3 /* SearchView.swift in Sources */ = {isa = PBXBuildFile; fileRef = FFDD1B322A9B6D4F005F8BD3 /* SearchView.swift */; };
		FFDDE4372AA5FC3D008DC95D /* Localizable.strings in Resources */ = {isa = PBXBuildFile; fileRef = FFDDE4392AA5FC3D008DC95D /* Localizable.strings */; };
		FFFC4F8B2A94EFD5008E15CB /* ExpandPhotoView.swift in Sources */ = {isa = PBXBuildFile; fileRef = FFFC4F8A2A94EFD5008E15CB /* ExpandPhotoView.swift */; };
/* End PBXBuildFile section */

/* Begin PBXContainerItemProxy section */
		FF0785AD2A8645A4003BE532 /* PBXContainerItemProxy */ = {
			isa = PBXContainerItemProxy;
			containerPortal = FF0785942A8645A3003BE532 /* Project object */;
			proxyType = 1;
			remoteGlobalIDString = FF07859B2A8645A3003BE532;
			remoteInfo = LifeHack;
		};
		FF0785B72A8645A4003BE532 /* PBXContainerItemProxy */ = {
			isa = PBXContainerItemProxy;
			containerPortal = FF0785942A8645A3003BE532 /* Project object */;
			proxyType = 1;
			remoteGlobalIDString = FF07859B2A8645A3003BE532;
			remoteInfo = LifeHack;
		};
/* End PBXContainerItemProxy section */

/* Begin PBXFileReference section */
		FF02B9552AA9FA19004994A4 /* AppIconView.swift */ = {isa = PBXFileReference; lastKnownFileType = sourcecode.swift; path = AppIconView.swift; sourceTree = "<group>"; };
		FF07859C2A8645A3003BE532 /* LifeHack.app */ = {isa = PBXFileReference; explicitFileType = wrapper.application; includeInIndex = 0; path = LifeHack.app; sourceTree = BUILT_PRODUCTS_DIR; };
		FF07859F2A8645A3003BE532 /* LifeHackApp.swift */ = {isa = PBXFileReference; lastKnownFileType = sourcecode.swift; path = LifeHackApp.swift; sourceTree = "<group>"; };
		FF0785A32A8645A4003BE532 /* Assets.xcassets */ = {isa = PBXFileReference; lastKnownFileType = folder.assetcatalog; path = Assets.xcassets; sourceTree = "<group>"; };
		FF0785A62A8645A4003BE532 /* Preview Assets.xcassets */ = {isa = PBXFileReference; lastKnownFileType = folder.assetcatalog; path = "Preview Assets.xcassets"; sourceTree = "<group>"; };
		FF0785AC2A8645A4003BE532 /* LifeHackTests.xctest */ = {isa = PBXFileReference; explicitFileType = wrapper.cfbundle; includeInIndex = 0; path = LifeHackTests.xctest; sourceTree = BUILT_PRODUCTS_DIR; };
		FF0785B02A8645A4003BE532 /* LifeHackTests.swift */ = {isa = PBXFileReference; lastKnownFileType = sourcecode.swift; path = LifeHackTests.swift; sourceTree = "<group>"; };
		FF0785B62A8645A4003BE532 /* LifeHackUITests.xctest */ = {isa = PBXFileReference; explicitFileType = wrapper.cfbundle; includeInIndex = 0; path = LifeHackUITests.xctest; sourceTree = BUILT_PRODUCTS_DIR; };
		FF0785BA2A8645A4003BE532 /* LifeHackUITests.swift */ = {isa = PBXFileReference; lastKnownFileType = sourcecode.swift; path = LifeHackUITests.swift; sourceTree = "<group>"; };
		FF0785BC2A8645A4003BE532 /* LifeHackUITestsLaunchTests.swift */ = {isa = PBXFileReference; lastKnownFileType = sourcecode.swift; path = LifeHackUITestsLaunchTests.swift; sourceTree = "<group>"; };
		FF0785CF2A8647E6003BE532 /* Model.swift */ = {isa = PBXFileReference; lastKnownFileType = sourcecode.swift; path = Model.swift; sourceTree = "<group>"; };
		FF0785D12A864902003BE532 /* realmManager.swift */ = {isa = PBXFileReference; lastKnownFileType = sourcecode.swift; path = realmManager.swift; sourceTree = "<group>"; };
		FF0785D42A864B1B003BE532 /* ViewExtention.swift */ = {isa = PBXFileReference; lastKnownFileType = sourcecode.swift; path = ViewExtention.swift; sourceTree = "<group>"; };
		FF0785D72A864B3B003BE532 /* HomeView.swift */ = {isa = PBXFileReference; lastKnownFileType = sourcecode.swift; path = HomeView.swift; sourceTree = "<group>"; };
		FF0785D92A864BCF003BE532 /* CarenderView.swift */ = {isa = PBXFileReference; lastKnownFileType = sourcecode.swift; path = CarenderView.swift; sourceTree = "<group>"; };
		FF0785DC2A864C1D003BE532 /* Difine.swift */ = {isa = PBXFileReference; lastKnownFileType = sourcecode.swift; path = Difine.swift; sourceTree = "<group>"; };
		FF0785DF2A864F52003BE532 /* DiaryView.swift */ = {isa = PBXFileReference; lastKnownFileType = sourcecode.swift; path = DiaryView.swift; sourceTree = "<group>"; };
		FF0785E12A864F63003BE532 /* SentenceView.swift */ = {isa = PBXFileReference; lastKnownFileType = sourcecode.swift; path = SentenceView.swift; sourceTree = "<group>"; };
		FF0785E32A8650DD003BE532 /* function.swift */ = {isa = PBXFileReference; lastKnownFileType = sourcecode.swift; path = function.swift; sourceTree = "<group>"; };
		FF15282A2A98C5F300CDDA6F /* BookView.swift */ = {isa = PBXFileReference; lastKnownFileType = sourcecode.swift; path = BookView.swift; sourceTree = "<group>"; };
		FF15282C2A98CBE800CDDA6F /* DetailView.swift */ = {isa = PBXFileReference; lastKnownFileType = sourcecode.swift; path = DetailView.swift; sourceTree = "<group>"; };
		FF2A0FDB2A8895500090F3CB /* TodoView.swift */ = {isa = PBXFileReference; lastKnownFileType = sourcecode.swift; path = TodoView.swift; sourceTree = "<group>"; };
		FF2A0FDD2A88B5450090F3CB /* NewTaskView.swift */ = {isa = PBXFileReference; lastKnownFileType = sourcecode.swift; path = NewTaskView.swift; sourceTree = "<group>"; };
		FF2A0FE02A90D1740090F3CB /* poperExtention.swift */ = {isa = PBXFileReference; lastKnownFileType = sourcecode.swift; path = poperExtention.swift; sourceTree = "<group>"; };
		FF2A0FE22A90D1BB0090F3CB /* selectablePoperView.swift */ = {isa = PBXFileReference; lastKnownFileType = sourcecode.swift; path = selectablePoperView.swift; sourceTree = "<group>"; };
		FF2A0FE62A90DEE60090F3CB /* PoperInnerView.swift */ = {isa = PBXFileReference; lastKnownFileType = sourcecode.swift; path = PoperInnerView.swift; sourceTree = "<group>"; };
		FF4F6EB02AE79861009736A8 /* DiaryViewModel.swift */ = {isa = PBXFileReference; lastKnownFileType = sourcecode.swift; path = DiaryViewModel.swift; sourceTree = "<group>"; };
		FF4F6EB22AE7A236009736A8 /* TodoViewModel.swift */ = {isa = PBXFileReference; lastKnownFileType = sourcecode.swift; path = TodoViewModel.swift; sourceTree = "<group>"; };
		FF5E0D632ABF18C400AFB6DE /* Info.plist */ = {isa = PBXFileReference; lastKnownFileType = text.plist; name = Info.plist; path = LifeHack/Info.plist; sourceTree = "<group>"; };
		FF9ACA072A99DEBE00842D76 /* Drag.swift */ = {isa = PBXFileReference; lastKnownFileType = sourcecode.swift; path = Drag.swift; sourceTree = "<group>"; };
		FFAC78D22AE7C81E00D0B524 /* bookViewModel.swift */ = {isa = PBXFileReference; lastKnownFileType = sourcecode.swift; path = bookViewModel.swift; sourceTree = "<group>"; };
		FFAC78D62AE7D0EA00D0B524 /* graphViewModel.swift */ = {isa = PBXFileReference; lastKnownFileType = sourcecode.swift; path = graphViewModel.swift; sourceTree = "<group>"; };
		FFD50BBB2AA1C664005C4C7B /* GrafView.swift */ = {isa = PBXFileReference; lastKnownFileType = sourcecode.swift; path = GrafView.swift; sourceTree = "<group>"; };
		FFD50BBD2AA1CC62005C4C7B /* GrafModel.swift */ = {isa = PBXFileReference; lastKnownFileType = sourcecode.swift; path = GrafModel.swift; sourceTree = "<group>"; };
		FFD50BC02AA1CF2A005C4C7B /* MypageView.swift */ = {isa = PBXFileReference; lastKnownFileType = sourcecode.swift; path = MypageView.swift; sourceTree = "<group>"; };
		FFDD1B322A9B6D4F005F8BD3 /* SearchView.swift */ = {isa = PBXFileReference; lastKnownFileType = sourcecode.swift; path = SearchView.swift; sourceTree = "<group>"; };
		FFDDE4382AA5FC3D008DC95D /* ja */ = {isa = PBXFileReference; lastKnownFileType = text.plist.strings; name = ja; path = ja.lproj/Localizable.strings; sourceTree = "<group>"; };
		FFDDE43A2AA5FC5C008DC95D /* en */ = {isa = PBXFileReference; lastKnownFileType = text.plist.strings; name = en; path = en.lproj/Localizable.strings; sourceTree = "<group>"; };
		FFFC4F8A2A94EFD5008E15CB /* ExpandPhotoView.swift */ = {isa = PBXFileReference; lastKnownFileType = sourcecode.swift; path = ExpandPhotoView.swift; sourceTree = "<group>"; };
/* End PBXFileReference section */

/* Begin PBXFrameworksBuildPhase section */
		FF0785992A8645A3003BE532 /* Frameworks */ = {
			isa = PBXFrameworksBuildPhase;
			buildActionMask = 2147483647;
			files = (
				FF0785CD2A864738003BE532 /* RealmSwift in Frameworks */,
				FF3811BF2AA2FE23007CDEDA /* PieChart in Frameworks */,
				FF0785CB2A864738003BE532 /* Realm in Frameworks */,
			);
			runOnlyForDeploymentPostprocessing = 0;
		};
		FF0785A92A8645A4003BE532 /* Frameworks */ = {
			isa = PBXFrameworksBuildPhase;
			buildActionMask = 2147483647;
			files = (
			);
			runOnlyForDeploymentPostprocessing = 0;
		};
		FF0785B32A8645A4003BE532 /* Frameworks */ = {
			isa = PBXFrameworksBuildPhase;
			buildActionMask = 2147483647;
			files = (
			);
			runOnlyForDeploymentPostprocessing = 0;
		};
/* End PBXFrameworksBuildPhase section */

/* Begin PBXGroup section */
		EE25F12A2AB0079D0009E159 /* View */ = {
			isa = PBXGroup;
			children = (
				FF0785D72A864B3B003BE532 /* HomeView.swift */,
				FFD50BBA2AA1C63B005C4C7B /* Graf */,
				FF1528292A98BA2300CDDA6F /* Book */,
				FF2A0FDA2A8876910090F3CB /* Todo */,
				FF0785DE2A864F38003BE532 /* Diary */,
				FF0785D62A864B2A003BE532 /* Calender */,
			);
			path = View;
			sourceTree = "<group>";
		};
		FF0785932A8645A3003BE532 = {
			isa = PBXGroup;
			children = (
				FF5E0D632ABF18C400AFB6DE /* Info.plist */,
				FFDDE4392AA5FC3D008DC95D /* Localizable.strings */,
				FF07859E2A8645A3003BE532 /* LifeHack */,
				FF0785AF2A8645A4003BE532 /* LifeHackTests */,
				FF0785B92A8645A4003BE532 /* LifeHackUITests */,
				FF07859D2A8645A3003BE532 /* Products */,
			);
			sourceTree = "<group>";
		};
		FF07859D2A8645A3003BE532 /* Products */ = {
			isa = PBXGroup;
			children = (
				FF07859C2A8645A3003BE532 /* LifeHack.app */,
				FF0785AC2A8645A4003BE532 /* LifeHackTests.xctest */,
				FF0785B62A8645A4003BE532 /* LifeHackUITests.xctest */,
			);
			name = Products;
			sourceTree = "<group>";
		};
		FF07859E2A8645A3003BE532 /* LifeHack */ = {
			isa = PBXGroup;
			children = (
				FF07859F2A8645A3003BE532 /* LifeHackApp.swift */,
				FF0785DB2A864C0B003BE532 /* Define */,
				FF0785CE2A8647D3003BE532 /* Model */,
				FF0785D32A864AB1003BE532 /* Extention */,
				FFDD1B312A9B6D3D005F8BD3 /* Helper */,
				FF5E0D622ABF045800AFB6DE /* ViewModel */,
				FFAC78D82AEA362300D0B524 /* DB */,
				EE25F12A2AB0079D0009E159 /* View */,
				FF0785A32A8645A4003BE532 /* Assets.xcassets */,
				FF0785A52A8645A4003BE532 /* Preview Content */,
			);
			path = LifeHack;
			sourceTree = "<group>";
		};
		FF0785A52A8645A4003BE532 /* Preview Content */ = {
			isa = PBXGroup;
			children = (
				FF0785A62A8645A4003BE532 /* Preview Assets.xcassets */,
			);
			path = "Preview Content";
			sourceTree = "<group>";
		};
		FF0785AF2A8645A4003BE532 /* LifeHackTests */ = {
			isa = PBXGroup;
			children = (
				FF0785B02A8645A4003BE532 /* LifeHackTests.swift */,
			);
			path = LifeHackTests;
			sourceTree = "<group>";
		};
		FF0785B92A8645A4003BE532 /* LifeHackUITests */ = {
			isa = PBXGroup;
			children = (
				FF0785BA2A8645A4003BE532 /* LifeHackUITests.swift */,
				FF0785BC2A8645A4003BE532 /* LifeHackUITestsLaunchTests.swift */,
			);
			path = LifeHackUITests;
			sourceTree = "<group>";
		};
		FF0785CE2A8647D3003BE532 /* Model */ = {
			isa = PBXGroup;
			children = (
				FF0785CF2A8647E6003BE532 /* Model.swift */,
			);
			path = Model;
			sourceTree = "<group>";
		};
		FF0785D32A864AB1003BE532 /* Extention */ = {
			isa = PBXGroup;
			children = (
				FF0785D42A864B1B003BE532 /* ViewExtention.swift */,
			);
			path = Extention;
			sourceTree = "<group>";
		};
		FF0785D62A864B2A003BE532 /* Calender */ = {
			isa = PBXGroup;
			children = (
				FF0785D92A864BCF003BE532 /* CarenderView.swift */,
				FFD50BC02AA1CF2A005C4C7B /* MypageView.swift */,
				FF02B9552AA9FA19004994A4 /* AppIconView.swift */,
			);
			path = Calender;
			sourceTree = "<group>";
		};
		FF0785DB2A864C0B003BE532 /* Define */ = {
			isa = PBXGroup;
			children = (
				FF0785DC2A864C1D003BE532 /* Difine.swift */,
			);
			path = Define;
			sourceTree = "<group>";
		};
		FF0785DE2A864F38003BE532 /* Diary */ = {
			isa = PBXGroup;
			children = (
				FF0785DF2A864F52003BE532 /* DiaryView.swift */,
				FF0785E12A864F63003BE532 /* SentenceView.swift */,
				FFFC4F8A2A94EFD5008E15CB /* ExpandPhotoView.swift */,
			);
			path = Diary;
			sourceTree = "<group>";
		};
		FF1528292A98BA2300CDDA6F /* Book */ = {
			isa = PBXGroup;
			children = (
				FF15282A2A98C5F300CDDA6F /* BookView.swift */,
				FF15282C2A98CBE800CDDA6F /* DetailView.swift */,
			);
			path = Book;
			sourceTree = "<group>";
		};
		FF2A0FDA2A8876910090F3CB /* Todo */ = {
			isa = PBXGroup;
			children = (
				FF2A0FDB2A8895500090F3CB /* TodoView.swift */,
				FF2A0FDD2A88B5450090F3CB /* NewTaskView.swift */,
			);
			path = Todo;
			sourceTree = "<group>";
		};
		FF2A0FDF2A90D12A0090F3CB /* Poper */ = {
			isa = PBXGroup;
			children = (
				FF2A0FE02A90D1740090F3CB /* poperExtention.swift */,
				FF2A0FE22A90D1BB0090F3CB /* selectablePoperView.swift */,
				FF2A0FE62A90DEE60090F3CB /* PoperInnerView.swift */,
			);
			path = Poper;
			sourceTree = "<group>";
		};
		FF5E0D622ABF045800AFB6DE /* ViewModel */ = {
			isa = PBXGroup;
			children = (
				FF4F6EB02AE79861009736A8 /* DiaryViewModel.swift */,
				FF4F6EB22AE7A236009736A8 /* TodoViewModel.swift */,
				FFAC78D22AE7C81E00D0B524 /* bookViewModel.swift */,
				FFAC78D62AE7D0EA00D0B524 /* graphViewModel.swift */,
			);
			path = ViewModel;
			sourceTree = "<group>";
		};
		FFAC78D82AEA362300D0B524 /* DB */ = {
			isa = PBXGroup;
			children = (
				FF0785D12A864902003BE532 /* realmManager.swift */,
			);
			path = DB;
			sourceTree = "<group>";
		};
		FFD50BBA2AA1C63B005C4C7B /* Graf */ = {
			isa = PBXGroup;
			children = (
				FFD50BBB2AA1C664005C4C7B /* GrafView.swift */,
				FFD50BBD2AA1CC62005C4C7B /* GrafModel.swift */,
			);
			path = Graf;
			sourceTree = "<group>";
		};
		FFDD1B312A9B6D3D005F8BD3 /* Helper */ = {
			isa = PBXGroup;
			children = (
				FF2A0FDF2A90D12A0090F3CB /* Poper */,
				FF0785E32A8650DD003BE532 /* function.swift */,
				FFDD1B322A9B6D4F005F8BD3 /* SearchView.swift */,
				FF9ACA072A99DEBE00842D76 /* Drag.swift */,
			);
			path = Helper;
			sourceTree = "<group>";
		};
/* End PBXGroup section */

/* Begin PBXNativeTarget section */
		FF07859B2A8645A3003BE532 /* LifeHack */ = {
			isa = PBXNativeTarget;
			buildConfigurationList = FF0785C02A8645A4003BE532 /* Build configuration list for PBXNativeTarget "LifeHack" */;
			buildPhases = (
				FF0785982A8645A3003BE532 /* Sources */,
				FF0785992A8645A3003BE532 /* Frameworks */,
				FF07859A2A8645A3003BE532 /* Resources */,
			);
			buildRules = (
			);
			dependencies = (
			);
			name = LifeHack;
			packageProductDependencies = (
				FF0785CA2A864738003BE532 /* Realm */,
				FF0785CC2A864738003BE532 /* RealmSwift */,
				FF3811BE2AA2FE23007CDEDA /* PieChart */,
			);
			productName = LifeHack;
			productReference = FF07859C2A8645A3003BE532 /* LifeHack.app */;
			productType = "com.apple.product-type.application";
		};
		FF0785AB2A8645A4003BE532 /* LifeHackTests */ = {
			isa = PBXNativeTarget;
			buildConfigurationList = FF0785C32A8645A4003BE532 /* Build configuration list for PBXNativeTarget "LifeHackTests" */;
			buildPhases = (
				FF0785A82A8645A4003BE532 /* Sources */,
				FF0785A92A8645A4003BE532 /* Frameworks */,
				FF0785AA2A8645A4003BE532 /* Resources */,
			);
			buildRules = (
			);
			dependencies = (
				FF0785AE2A8645A4003BE532 /* PBXTargetDependency */,
			);
			name = LifeHackTests;
			productName = LifeHackTests;
			productReference = FF0785AC2A8645A4003BE532 /* LifeHackTests.xctest */;
			productType = "com.apple.product-type.bundle.unit-test";
		};
		FF0785B52A8645A4003BE532 /* LifeHackUITests */ = {
			isa = PBXNativeTarget;
			buildConfigurationList = FF0785C62A8645A4003BE532 /* Build configuration list for PBXNativeTarget "LifeHackUITests" */;
			buildPhases = (
				FF0785B22A8645A4003BE532 /* Sources */,
				FF0785B32A8645A4003BE532 /* Frameworks */,
				FF0785B42A8645A4003BE532 /* Resources */,
			);
			buildRules = (
			);
			dependencies = (
				FF0785B82A8645A4003BE532 /* PBXTargetDependency */,
			);
			name = LifeHackUITests;
			productName = LifeHackUITests;
			productReference = FF0785B62A8645A4003BE532 /* LifeHackUITests.xctest */;
			productType = "com.apple.product-type.bundle.ui-testing";
		};
/* End PBXNativeTarget section */

/* Begin PBXProject section */
		FF0785942A8645A3003BE532 /* Project object */ = {
			isa = PBXProject;
			attributes = {
				BuildIndependentTargetsInParallel = 1;
				LastSwiftUpdateCheck = 1430;
				LastUpgradeCheck = 1430;
				TargetAttributes = {
					FF07859B2A8645A3003BE532 = {
						CreatedOnToolsVersion = 14.3;
					};
					FF0785AB2A8645A4003BE532 = {
						CreatedOnToolsVersion = 14.3;
						TestTargetID = FF07859B2A8645A3003BE532;
					};
					FF0785B52A8645A4003BE532 = {
						CreatedOnToolsVersion = 14.3;
						TestTargetID = FF07859B2A8645A3003BE532;
					};
				};
			};
			buildConfigurationList = FF0785972A8645A3003BE532 /* Build configuration list for PBXProject "LifeHack" */;
			compatibilityVersion = "Xcode 14.0";
			developmentRegion = en;
			hasScannedForEncodings = 0;
			knownRegions = (
				en,
				Base,
				ja,
			);
			mainGroup = FF0785932A8645A3003BE532;
			packageReferences = (
				FF0785C92A864738003BE532 /* XCRemoteSwiftPackageReference "realm-cocoa" */,
				FF3811BD2AA2FE23007CDEDA /* XCRemoteSwiftPackageReference "SwiftUI-PieChart" */,
			);
			productRefGroup = FF07859D2A8645A3003BE532 /* Products */;
			projectDirPath = "";
			projectRoot = "";
			targets = (
				FF07859B2A8645A3003BE532 /* LifeHack */,
				FF0785AB2A8645A4003BE532 /* LifeHackTests */,
				FF0785B52A8645A4003BE532 /* LifeHackUITests */,
			);
		};
/* End PBXProject section */

/* Begin PBXResourcesBuildPhase section */
		FF07859A2A8645A3003BE532 /* Resources */ = {
			isa = PBXResourcesBuildPhase;
			buildActionMask = 2147483647;
			files = (
				FF0785A72A8645A4003BE532 /* Preview Assets.xcassets in Resources */,
				FFDDE4372AA5FC3D008DC95D /* Localizable.strings in Resources */,
				FF0785A42A8645A4003BE532 /* Assets.xcassets in Resources */,
			);
			runOnlyForDeploymentPostprocessing = 0;
		};
		FF0785AA2A8645A4003BE532 /* Resources */ = {
			isa = PBXResourcesBuildPhase;
			buildActionMask = 2147483647;
			files = (
			);
			runOnlyForDeploymentPostprocessing = 0;
		};
		FF0785B42A8645A4003BE532 /* Resources */ = {
			isa = PBXResourcesBuildPhase;
			buildActionMask = 2147483647;
			files = (
			);
			runOnlyForDeploymentPostprocessing = 0;
		};
/* End PBXResourcesBuildPhase section */

/* Begin PBXSourcesBuildPhase section */
		FF0785982A8645A3003BE532 /* Sources */ = {
			isa = PBXSourcesBuildPhase;
			buildActionMask = 2147483647;
			files = (
				FF4F6EB32AE7A236009736A8 /* TodoViewModel.swift in Sources */,
				FFD50BBC2AA1C664005C4C7B /* GrafView.swift in Sources */,
				FF0785D02A8647E6003BE532 /* Model.swift in Sources */,
				FF2A0FE12A90D1740090F3CB /* poperExtention.swift in Sources */,
				FF0785E42A8650DD003BE532 /* function.swift in Sources */,
				FF2A0FE32A90D1BB0090F3CB /* selectablePoperView.swift in Sources */,
				FF0785DA2A864BCF003BE532 /* CarenderView.swift in Sources */,
				FF9ACA082A99DEBE00842D76 /* Drag.swift in Sources */,
				FF0785D22A864902003BE532 /* realmManager.swift in Sources */,
				FF4F6EB12AE79861009736A8 /* DiaryViewModel.swift in Sources */,
				FFD50BC12AA1CF2A005C4C7B /* MypageView.swift in Sources */,
				FF2A0FE72A90DEE60090F3CB /* PoperInnerView.swift in Sources */,
				FFAC78D72AE7D0EA00D0B524 /* graphViewModel.swift in Sources */,
				FFDD1B332A9B6D4F005F8BD3 /* SearchView.swift in Sources */,
				FF0785D82A864B3B003BE532 /* HomeView.swift in Sources */,
				FFD50BBE2AA1CC62005C4C7B /* GrafModel.swift in Sources */,
				FF02B9562AA9FA19004994A4 /* AppIconView.swift in Sources */,
				FF15282B2A98C5F300CDDA6F /* BookView.swift in Sources */,
				FF2A0FDC2A8895500090F3CB /* TodoView.swift in Sources */,
				FF0785E02A864F52003BE532 /* DiaryView.swift in Sources */,
				FFAC78D32AE7C81E00D0B524 /* bookViewModel.swift in Sources */,
				FF2A0FDE2A88B5450090F3CB /* NewTaskView.swift in Sources */,
				FF0785A02A8645A3003BE532 /* LifeHackApp.swift in Sources */,
				FF0785DD2A864C1D003BE532 /* Difine.swift in Sources */,
				FF0785D52A864B1B003BE532 /* ViewExtention.swift in Sources */,
				FF0785E22A864F63003BE532 /* SentenceView.swift in Sources */,
				FF15282D2A98CBE800CDDA6F /* DetailView.swift in Sources */,
				FFFC4F8B2A94EFD5008E15CB /* ExpandPhotoView.swift in Sources */,
			);
			runOnlyForDeploymentPostprocessing = 0;
		};
		FF0785A82A8645A4003BE532 /* Sources */ = {
			isa = PBXSourcesBuildPhase;
			buildActionMask = 2147483647;
			files = (
				FF0785B12A8645A4003BE532 /* LifeHackTests.swift in Sources */,
			);
			runOnlyForDeploymentPostprocessing = 0;
		};
		FF0785B22A8645A4003BE532 /* Sources */ = {
			isa = PBXSourcesBuildPhase;
			buildActionMask = 2147483647;
			files = (
				FF0785BD2A8645A4003BE532 /* LifeHackUITestsLaunchTests.swift in Sources */,
				FF0785BB2A8645A4003BE532 /* LifeHackUITests.swift in Sources */,
			);
			runOnlyForDeploymentPostprocessing = 0;
		};
/* End PBXSourcesBuildPhase section */

/* Begin PBXTargetDependency section */
		FF0785AE2A8645A4003BE532 /* PBXTargetDependency */ = {
			isa = PBXTargetDependency;
			target = FF07859B2A8645A3003BE532 /* LifeHack */;
			targetProxy = FF0785AD2A8645A4003BE532 /* PBXContainerItemProxy */;
		};
		FF0785B82A8645A4003BE532 /* PBXTargetDependency */ = {
			isa = PBXTargetDependency;
			target = FF07859B2A8645A3003BE532 /* LifeHack */;
			targetProxy = FF0785B72A8645A4003BE532 /* PBXContainerItemProxy */;
		};
/* End PBXTargetDependency section */

/* Begin PBXVariantGroup section */
		FFDDE4392AA5FC3D008DC95D /* Localizable.strings */ = {
			isa = PBXVariantGroup;
			children = (
				FFDDE4382AA5FC3D008DC95D /* ja */,
				FFDDE43A2AA5FC5C008DC95D /* en */,
			);
			name = Localizable.strings;
			sourceTree = "<group>";
		};
/* End PBXVariantGroup section */

/* Begin XCBuildConfiguration section */
		FF0785BE2A8645A4003BE532 /* Debug */ = {
			isa = XCBuildConfiguration;
			buildSettings = {
				ALWAYS_SEARCH_USER_PATHS = NO;
				CLANG_ANALYZER_NONNULL = YES;
				CLANG_ANALYZER_NUMBER_OBJECT_CONVERSION = YES_AGGRESSIVE;
				CLANG_CXX_LANGUAGE_STANDARD = "gnu++20";
				CLANG_ENABLE_MODULES = YES;
				CLANG_ENABLE_OBJC_ARC = YES;
				CLANG_ENABLE_OBJC_WEAK = YES;
				CLANG_WARN_BLOCK_CAPTURE_AUTORELEASING = YES;
				CLANG_WARN_BOOL_CONVERSION = YES;
				CLANG_WARN_COMMA = YES;
				CLANG_WARN_CONSTANT_CONVERSION = YES;
				CLANG_WARN_DEPRECATED_OBJC_IMPLEMENTATIONS = YES;
				CLANG_WARN_DIRECT_OBJC_ISA_USAGE = YES_ERROR;
				CLANG_WARN_DOCUMENTATION_COMMENTS = YES;
				CLANG_WARN_EMPTY_BODY = YES;
				CLANG_WARN_ENUM_CONVERSION = YES;
				CLANG_WARN_INFINITE_RECURSION = YES;
				CLANG_WARN_INT_CONVERSION = YES;
				CLANG_WARN_NON_LITERAL_NULL_CONVERSION = YES;
				CLANG_WARN_OBJC_IMPLICIT_RETAIN_SELF = YES;
				CLANG_WARN_OBJC_LITERAL_CONVERSION = YES;
				CLANG_WARN_OBJC_ROOT_CLASS = YES_ERROR;
				CLANG_WARN_QUOTED_INCLUDE_IN_FRAMEWORK_HEADER = YES;
				CLANG_WARN_RANGE_LOOP_ANALYSIS = YES;
				CLANG_WARN_STRICT_PROTOTYPES = YES;
				CLANG_WARN_SUSPICIOUS_MOVE = YES;
				CLANG_WARN_UNGUARDED_AVAILABILITY = YES_AGGRESSIVE;
				CLANG_WARN_UNREACHABLE_CODE = YES;
				CLANG_WARN__DUPLICATE_METHOD_MATCH = YES;
				COPY_PHASE_STRIP = NO;
				DEBUG_INFORMATION_FORMAT = dwarf;
				ENABLE_STRICT_OBJC_MSGSEND = YES;
				ENABLE_TESTABILITY = YES;
				GCC_C_LANGUAGE_STANDARD = gnu11;
				GCC_DYNAMIC_NO_PIC = NO;
				GCC_NO_COMMON_BLOCKS = YES;
				GCC_OPTIMIZATION_LEVEL = 0;
				GCC_PREPROCESSOR_DEFINITIONS = (
					"DEBUG=1",
					"$(inherited)",
				);
				GCC_WARN_64_TO_32_BIT_CONVERSION = YES;
				GCC_WARN_ABOUT_RETURN_TYPE = YES_ERROR;
				GCC_WARN_UNDECLARED_SELECTOR = YES;
				GCC_WARN_UNINITIALIZED_AUTOS = YES_AGGRESSIVE;
				GCC_WARN_UNUSED_FUNCTION = YES;
				GCC_WARN_UNUSED_VARIABLE = YES;
				IPHONEOS_DEPLOYMENT_TARGET = 16.4;
				MTL_ENABLE_DEBUG_INFO = INCLUDE_SOURCE;
				MTL_FAST_MATH = YES;
				ONLY_ACTIVE_ARCH = YES;
				SDKROOT = iphoneos;
				SWIFT_ACTIVE_COMPILATION_CONDITIONS = DEBUG;
				SWIFT_OPTIMIZATION_LEVEL = "-Onone";
			};
			name = Debug;
		};
		FF0785BF2A8645A4003BE532 /* Release */ = {
			isa = XCBuildConfiguration;
			buildSettings = {
				ALWAYS_SEARCH_USER_PATHS = NO;
				CLANG_ANALYZER_NONNULL = YES;
				CLANG_ANALYZER_NUMBER_OBJECT_CONVERSION = YES_AGGRESSIVE;
				CLANG_CXX_LANGUAGE_STANDARD = "gnu++20";
				CLANG_ENABLE_MODULES = YES;
				CLANG_ENABLE_OBJC_ARC = YES;
				CLANG_ENABLE_OBJC_WEAK = YES;
				CLANG_WARN_BLOCK_CAPTURE_AUTORELEASING = YES;
				CLANG_WARN_BOOL_CONVERSION = YES;
				CLANG_WARN_COMMA = YES;
				CLANG_WARN_CONSTANT_CONVERSION = YES;
				CLANG_WARN_DEPRECATED_OBJC_IMPLEMENTATIONS = YES;
				CLANG_WARN_DIRECT_OBJC_ISA_USAGE = YES_ERROR;
				CLANG_WARN_DOCUMENTATION_COMMENTS = YES;
				CLANG_WARN_EMPTY_BODY = YES;
				CLANG_WARN_ENUM_CONVERSION = YES;
				CLANG_WARN_INFINITE_RECURSION = YES;
				CLANG_WARN_INT_CONVERSION = YES;
				CLANG_WARN_NON_LITERAL_NULL_CONVERSION = YES;
				CLANG_WARN_OBJC_IMPLICIT_RETAIN_SELF = YES;
				CLANG_WARN_OBJC_LITERAL_CONVERSION = YES;
				CLANG_WARN_OBJC_ROOT_CLASS = YES_ERROR;
				CLANG_WARN_QUOTED_INCLUDE_IN_FRAMEWORK_HEADER = YES;
				CLANG_WARN_RANGE_LOOP_ANALYSIS = YES;
				CLANG_WARN_STRICT_PROTOTYPES = YES;
				CLANG_WARN_SUSPICIOUS_MOVE = YES;
				CLANG_WARN_UNGUARDED_AVAILABILITY = YES_AGGRESSIVE;
				CLANG_WARN_UNREACHABLE_CODE = YES;
				CLANG_WARN__DUPLICATE_METHOD_MATCH = YES;
				COPY_PHASE_STRIP = NO;
				DEBUG_INFORMATION_FORMAT = "dwarf-with-dsym";
				ENABLE_NS_ASSERTIONS = NO;
				ENABLE_STRICT_OBJC_MSGSEND = YES;
				GCC_C_LANGUAGE_STANDARD = gnu11;
				GCC_NO_COMMON_BLOCKS = YES;
				GCC_WARN_64_TO_32_BIT_CONVERSION = YES;
				GCC_WARN_ABOUT_RETURN_TYPE = YES_ERROR;
				GCC_WARN_UNDECLARED_SELECTOR = YES;
				GCC_WARN_UNINITIALIZED_AUTOS = YES_AGGRESSIVE;
				GCC_WARN_UNUSED_FUNCTION = YES;
				GCC_WARN_UNUSED_VARIABLE = YES;
				IPHONEOS_DEPLOYMENT_TARGET = 16.4;
				MTL_ENABLE_DEBUG_INFO = NO;
				MTL_FAST_MATH = YES;
				SDKROOT = iphoneos;
				SWIFT_COMPILATION_MODE = wholemodule;
				SWIFT_OPTIMIZATION_LEVEL = "-O";
				VALIDATE_PRODUCT = YES;
			};
			name = Release;
		};
		FF0785C12A8645A4003BE532 /* Debug */ = {
			isa = XCBuildConfiguration;
			buildSettings = {
				ASSETCATALOG_COMPILER_APPICON_NAME = AppIcon;
				ASSETCATALOG_COMPILER_GLOBAL_ACCENT_COLOR_NAME = AccentColor;
				ASSETCATALOG_COMPILER_INCLUDE_ALL_APPICON_ASSETS = YES;
				CODE_SIGN_STYLE = Automatic;
				CURRENT_PROJECT_VERSION = 5;
				DEVELOPMENT_ASSET_PATHS = "\"LifeHack/Preview Content\"";
				DEVELOPMENT_TEAM = 8M927FP4A9;
				ENABLE_PREVIEWS = YES;
				GENERATE_INFOPLIST_FILE = YES;
				INFOPLIST_FILE = LifeHack/Info.plist;
				INFOPLIST_KEY_CFBundleDisplayName = "";
				INFOPLIST_KEY_LSApplicationCategoryType = "public.app-category.lifestyle";
				INFOPLIST_KEY_UIApplicationSceneManifest_Generation = YES;
				INFOPLIST_KEY_UIApplicationSupportsIndirectInputEvents = YES;
				INFOPLIST_KEY_UILaunchScreen_Generation = YES;
				INFOPLIST_KEY_UISupportedInterfaceOrientations = UIInterfaceOrientationPortrait;
				INFOPLIST_KEY_UISupportedInterfaceOrientations_iPad = "UIInterfaceOrientationLandscapeLeft UIInterfaceOrientationLandscapeRight UIInterfaceOrientationPortrait";
				INFOPLIST_KEY_UIUserInterfaceStyle = Light;
				LD_RUNPATH_SEARCH_PATHS = (
					"$(inherited)",
					"@executable_path/Frameworks",
				);
				MARKETING_VERSION = 1.0.8;
				PRODUCT_BUNDLE_IDENTIFIER = co.ren.LifeHaxck;
				PRODUCT_NAME = "$(TARGET_NAME)";
				SUPPORTED_PLATFORMS = "iphoneos iphonesimulator";
				SUPPORTS_MACCATALYST = NO;
				SUPPORTS_MAC_DESIGNED_FOR_IPHONE_IPAD = NO;
				SWIFT_EMIT_LOC_STRINGS = YES;
				SWIFT_VERSION = 5.0;
				TARGETED_DEVICE_FAMILY = 1;
			};
			name = Debug;
		};
		FF0785C22A8645A4003BE532 /* Release */ = {
			isa = XCBuildConfiguration;
			buildSettings = {
				ASSETCATALOG_COMPILER_APPICON_NAME = AppIcon;
				ASSETCATALOG_COMPILER_GLOBAL_ACCENT_COLOR_NAME = AccentColor;
				ASSETCATALOG_COMPILER_INCLUDE_ALL_APPICON_ASSETS = YES;
				CODE_SIGN_STYLE = Automatic;
				CURRENT_PROJECT_VERSION = 5;
				DEVELOPMENT_ASSET_PATHS = "\"LifeHack/Preview Content\"";
				DEVELOPMENT_TEAM = 8M927FP4A9;
				ENABLE_PREVIEWS = YES;
				GENERATE_INFOPLIST_FILE = YES;
				INFOPLIST_FILE = LifeHack/Info.plist;
				INFOPLIST_KEY_CFBundleDisplayName = "";
				INFOPLIST_KEY_LSApplicationCategoryType = "public.app-category.lifestyle";
				INFOPLIST_KEY_UIApplicationSceneManifest_Generation = YES;
				INFOPLIST_KEY_UIApplicationSupportsIndirectInputEvents = YES;
				INFOPLIST_KEY_UILaunchScreen_Generation = YES;
				INFOPLIST_KEY_UISupportedInterfaceOrientations = UIInterfaceOrientationPortrait;
				INFOPLIST_KEY_UISupportedInterfaceOrientations_iPad = "UIInterfaceOrientationLandscapeLeft UIInterfaceOrientationLandscapeRight UIInterfaceOrientationPortrait";
				INFOPLIST_KEY_UIUserInterfaceStyle = Light;
				LD_RUNPATH_SEARCH_PATHS = (
					"$(inherited)",
					"@executable_path/Frameworks",
				);
				MARKETING_VERSION = 1.0.8;
				PRODUCT_BUNDLE_IDENTIFIER = co.ren.LifeHaxck;
				PRODUCT_NAME = "$(TARGET_NAME)";
				SUPPORTED_PLATFORMS = "iphoneos iphonesimulator";
				SUPPORTS_MACCATALYST = NO;
				SUPPORTS_MAC_DESIGNED_FOR_IPHONE_IPAD = NO;
				SWIFT_EMIT_LOC_STRINGS = YES;
				SWIFT_VERSION = 5.0;
				TARGETED_DEVICE_FAMILY = 1;
			};
			name = Release;
		};
		FF0785C42A8645A4003BE532 /* Debug */ = {
			isa = XCBuildConfiguration;
			buildSettings = {
				ALWAYS_EMBED_SWIFT_STANDARD_LIBRARIES = YES;
				BUNDLE_LOADER = "$(TEST_HOST)";
				CODE_SIGN_STYLE = Automatic;
				CURRENT_PROJECT_VERSION = 1;
				GENERATE_INFOPLIST_FILE = YES;
				IPHONEOS_DEPLOYMENT_TARGET = 16.4;
				MARKETING_VERSION = 1.0;
				PRODUCT_BUNDLE_IDENTIFIER = o.LifeHackTests;
				PRODUCT_NAME = "$(TARGET_NAME)";
				SWIFT_EMIT_LOC_STRINGS = NO;
				SWIFT_VERSION = 5.0;
				TARGETED_DEVICE_FAMILY = "1,2";
				TEST_HOST = "$(BUILT_PRODUCTS_DIR)/LifeHack.app/$(BUNDLE_EXECUTABLE_FOLDER_PATH)/LifeHack";
			};
			name = Debug;
		};
		FF0785C52A8645A4003BE532 /* Release */ = {
			isa = XCBuildConfiguration;
			buildSettings = {
				ALWAYS_EMBED_SWIFT_STANDARD_LIBRARIES = YES;
				BUNDLE_LOADER = "$(TEST_HOST)";
				CODE_SIGN_STYLE = Automatic;
				CURRENT_PROJECT_VERSION = 1;
				GENERATE_INFOPLIST_FILE = YES;
				IPHONEOS_DEPLOYMENT_TARGET = 16.4;
				MARKETING_VERSION = 1.0;
				PRODUCT_BUNDLE_IDENTIFIER = o.LifeHackTests;
				PRODUCT_NAME = "$(TARGET_NAME)";
				SWIFT_EMIT_LOC_STRINGS = NO;
				SWIFT_VERSION = 5.0;
				TARGETED_DEVICE_FAMILY = "1,2";
				TEST_HOST = "$(BUILT_PRODUCTS_DIR)/LifeHack.app/$(BUNDLE_EXECUTABLE_FOLDER_PATH)/LifeHack";
			};
			name = Release;
		};
		FF0785C72A8645A4003BE532 /* Debug */ = {
			isa = XCBuildConfiguration;
			buildSettings = {
				ALWAYS_EMBED_SWIFT_STANDARD_LIBRARIES = YES;
				CODE_SIGN_STYLE = Automatic;
				CURRENT_PROJECT_VERSION = 1;
				GENERATE_INFOPLIST_FILE = YES;
				MARKETING_VERSION = 1.0;
				PRODUCT_BUNDLE_IDENTIFIER = o.LifeHackUITests;
				PRODUCT_NAME = "$(TARGET_NAME)";
				SWIFT_EMIT_LOC_STRINGS = NO;
				SWIFT_VERSION = 5.0;
				TARGETED_DEVICE_FAMILY = "1,2";
				TEST_TARGET_NAME = LifeHack;
			};
			name = Debug;
		};
		FF0785C82A8645A4003BE532 /* Release */ = {
			isa = XCBuildConfiguration;
			buildSettings = {
				ALWAYS_EMBED_SWIFT_STANDARD_LIBRARIES = YES;
				CODE_SIGN_STYLE = Automatic;
				CURRENT_PROJECT_VERSION = 1;
				GENERATE_INFOPLIST_FILE = YES;
				MARKETING_VERSION = 1.0;
				PRODUCT_BUNDLE_IDENTIFIER = o.LifeHackUITests;
				PRODUCT_NAME = "$(TARGET_NAME)";
				SWIFT_EMIT_LOC_STRINGS = NO;
				SWIFT_VERSION = 5.0;
				TARGETED_DEVICE_FAMILY = "1,2";
				TEST_TARGET_NAME = LifeHack;
			};
			name = Release;
		};
/* End XCBuildConfiguration section */

/* Begin XCConfigurationList section */
		FF0785972A8645A3003BE532 /* Build configuration list for PBXProject "LifeHack" */ = {
			isa = XCConfigurationList;
			buildConfigurations = (
				FF0785BE2A8645A4003BE532 /* Debug */,
				FF0785BF2A8645A4003BE532 /* Release */,
			);
			defaultConfigurationIsVisible = 0;
			defaultConfigurationName = Release;
		};
		FF0785C02A8645A4003BE532 /* Build configuration list for PBXNativeTarget "LifeHack" */ = {
			isa = XCConfigurationList;
			buildConfigurations = (
				FF0785C12A8645A4003BE532 /* Debug */,
				FF0785C22A8645A4003BE532 /* Release */,
			);
			defaultConfigurationIsVisible = 0;
			defaultConfigurationName = Release;
		};
		FF0785C32A8645A4003BE532 /* Build configuration list for PBXNativeTarget "LifeHackTests" */ = {
			isa = XCConfigurationList;
			buildConfigurations = (
				FF0785C42A8645A4003BE532 /* Debug */,
				FF0785C52A8645A4003BE532 /* Release */,
			);
			defaultConfigurationIsVisible = 0;
			defaultConfigurationName = Release;
		};
		FF0785C62A8645A4003BE532 /* Build configuration list for PBXNativeTarget "LifeHackUITests" */ = {
			isa = XCConfigurationList;
			buildConfigurations = (
				FF0785C72A8645A4003BE532 /* Debug */,
				FF0785C82A8645A4003BE532 /* Release */,
			);
			defaultConfigurationIsVisible = 0;
			defaultConfigurationName = Release;
		};
/* End XCConfigurationList section */

/* Begin XCRemoteSwiftPackageReference section */
		FF0785C92A864738003BE532 /* XCRemoteSwiftPackageReference "realm-cocoa" */ = {
			isa = XCRemoteSwiftPackageReference;
			repositoryURL = "https://github.com/realm/realm-cocoa.git";
			requirement = {
				kind = upToNextMajorVersion;
				minimumVersion = 10.10.0;
			};
		};
		FF3811BD2AA2FE23007CDEDA /* XCRemoteSwiftPackageReference "SwiftUI-PieChart" */ = {
			isa = XCRemoteSwiftPackageReference;
			repositoryURL = "https://github.com/skw398/SwiftUI-PieChart.git";
			requirement = {
				kind = upToNextMajorVersion;
				minimumVersion = 0.3.0;
			};
		};
/* End XCRemoteSwiftPackageReference section */

/* Begin XCSwiftPackageProductDependency section */
		FF0785CA2A864738003BE532 /* Realm */ = {
			isa = XCSwiftPackageProductDependency;
			package = FF0785C92A864738003BE532 /* XCRemoteSwiftPackageReference "realm-cocoa" */;
			productName = Realm;
		};
		FF0785CC2A864738003BE532 /* RealmSwift */ = {
			isa = XCSwiftPackageProductDependency;
			package = FF0785C92A864738003BE532 /* XCRemoteSwiftPackageReference "realm-cocoa" */;
			productName = RealmSwift;
		};
		FF3811BE2AA2FE23007CDEDA /* PieChart */ = {
			isa = XCSwiftPackageProductDependency;
			package = FF3811BD2AA2FE23007CDEDA /* XCRemoteSwiftPackageReference "SwiftUI-PieChart" */;
			productName = PieChart;
		};
/* End XCSwiftPackageProductDependency section */
	};
	rootObject = FF0785942A8645A3003BE532 /* Project object */;
}
